
Microsoft Visual Studio Solution File, Format Version 11.00
# Visual Studio 2010
Project("{FAE04EC0-301F-11D3-BF4B-00C04F79EFBC}") = "Assembly-CSharp", "Assembly-CSharp.csproj", "{9c46a194-18e6-b7ab-4f24-48b205e04f89}"
EndProject
Project("{FAE04EC0-301F-11D3-BF4B-00C04F79EFBC}") = "Assembly-CSharp-Editor", "Assembly-CSharp-Editor.csproj", "{eaa6f6ae-9ef3-af75-c567-139e69ebc768}"
EndProject
Global
	GlobalSection(SolutionConfigurationPlatforms) = preSolution
		Debug|Any CPU = Debug|Any CPU
	EndGlobalSection
	GlobalSection(ProjectConfigurationPlatforms) = postSolution
		{9c46a194-18e6-b7ab-4f24-48b205e04f89}.Debug|Any CPU.ActiveCfg = Debug|Any CPU
		{9c46a194-18e6-b7ab-4f24-48b205e04f89}.Debug|Any CPU.Build.0 = Debug|Any CPU
		{eaa6f6ae-9ef3-af75-c567-139e69ebc768}.Debug|Any CPU.ActiveCfg = Debug|Any CPU
		{eaa6f6ae-9ef3-af75-c567-139e69ebc768}.Debug|Any CPU.Build.0 = Debug|Any CPU
	EndGlobalSection
	GlobalSection(SolutionProperties) = preSolution
		HideSolutionNode = FALSE
	EndGlobalSection
EndGlobal
